github.com/appleboy/com v1.1.0 h1:HLgRzhtj+4PLuFPPutKexd9zI9F74ymgWhkgPfPtnkc=
github.com/appleboy/com v1.1.0/go.mod h1:IbC1mLvqcIYn2YVNJgAYB9XnhbUh1xYKsOzdEOy0n+c=
github.com/sashabaranov/go-openai v1.41.2 h1:vfPRBZNMpnqu8ELsclWcAvF19lDNgh1t6TVfFFOPiSM=
github.com/sashabaranov/go-openai v1.41.2/go.mod h1:lj5b/K+zjTSFxVLijLSTDZuP7adOgerWeFyZLUhAKRg=
